
Microsoft Visual Studio Solution File, Format Version 12.00
# Visual Studio Version 16
VisualStudioVersion = 16.0.32802.440
MinimumVisualStudioVersion = 10.0.40219.1
Project("{FAE04EC0-301F-11D3-BF4B-00C04F79EFBC}") = "OPBinarySharp", "OPBinarySharp.csproj", "{61A6A5A2-4CFC-41FE-9FE2-05BD0EA3DEF7}"
EndProject
Project("{FAE04EC0-301F-11D3-BF4B-00C04F79EFBC}") = "OPBSharpTest", "OPBSharpTest\OPBSharpTest.csproj", "{2025DF1D-35AB-44EE-99BF-84705A74F268}"
EndProject
Global
	GlobalSection(SolutionConfigurationPlatforms) = preSolution
		Debug|Any CPU = Debug|Any CPU
		Release|Any CPU = Release|Any CPU
	EndGlobalSection
	GlobalSection(ProjectConfigurationPlatforms) = postSolution
		{61A6A5A2-4CFC-41FE-9FE2-05BD0EA3DEF7}.Debug|Any CPU.ActiveCfg = Debug|Any CPU
		{61A6A5A2-4CFC-41FE-9FE2-05BD0EA3DEF7}.Debug|Any CPU.Build.0 = Debug|Any CPU
		{61A6A5A2-4CFC-41FE-9FE2-05BD0EA3DEF7}.Release|Any CPU.ActiveCfg = Release|Any CPU
		{61A6A5A2-4CFC-41FE-9FE2-05BD0EA3DEF7}.Release|Any CPU.Build.0 = Release|Any CPU
		{2025DF1D-35AB-44EE-99BF-84705A74F268}.Debug|Any CPU.ActiveCfg = Debug|Any CPU
		{2025DF1D-35AB-44EE-99BF-84705A74F268}.Debug|Any CPU.Build.0 = Debug|Any CPU
		{2025DF1D-35AB-44EE-99BF-84705A74F268}.Release|Any CPU.ActiveCfg = Release|Any CPU
		{2025DF1D-35AB-44EE-99BF-84705A74F268}.Release|Any CPU.Build.0 = Release|Any CPU
	EndGlobalSection
	GlobalSection(SolutionProperties) = preSolution
		HideSolutionNode = FALSE
	EndGlobalSection
	GlobalSection(ExtensibilityGlobals) = postSolution
		SolutionGuid = {DB093CED-C603-489D-A58B-A5954134DCF5}
	EndGlobalSection
EndGlobal
